{
  "name": "parser",
  "version": "1.0.0",
  "lockfileVersion": 1,
  "requires": true,
  "dependencies": {
    "acorn": {
      "version": "5.4.1",
      "resolved": "https://registry.npmjs.org/acorn/-/acorn-5.4.1.tgz",
      "integrity": "sha512-XLmq3H/BVvW6/GbxKryGxWORz1ebilSsUDlyC27bXhWGWAZWkGwS6FLHjOlwFXNFoWFQEO/Df4u0YYd0K3BQgQ=="
    }
  }
}
